{
  "version": 4,
  "terraform_version": "1.15.1",
  "serial": 8,
  "lineage": "fc5dbae0-8623-0aff-0da3-195d110c1618",
  "outputs": {
    "api_url": {
      "value": "https://api-appservice.azurewebsites.net",
      "type": "string"
    },
    "ui_url": {
      "value": "https://ui-appservice.azurewebsites.net",
      "type": "string"
    }
  },
  "resources": [
    {
      "mode": "managed",
      "type": "azurerm_linux_web_app",
      "name": "api",
      "provider": "provider[\"registry.terraform.io/hashicorp/azurerm\"]",
      "instances": [
        {
          "schema_version": 1,
          "attributes": {
            "app_settings": null,
            "auth_settings": [
              {
                "active_directory": [],
                "additional_login_parameters": {},
                "allowed_external_redirect_urls": [],
                "default_provider": "",
                "enabled": false,
                "facebook": [],
                "github": [],
                "google": [],
                "issuer": "",
                "microsoft": [],
                "runtime_version": "",
                "token_refresh_extension_hours": 0,
                "token_store_enabled": false,
                "twitter": [],
                "unauthenticated_client_action": ""
              }
            ],
            "auth_settings_v2": [],
            "backup": [],
            "client_affinity_enabled": false,
            "client_certificate_enabled": false,
            "client_certificate_exclusion_paths": "",
            "client_certificate_mode": "Required",
            "connection_string": [],
            "custom_domain_verification_id": "87D6D01D1C6A8A713B95FC2C3CD904541630A6155550C7A12DD546D2B800DA59",
            "default_hostname": "api-appservice.azurewebsites.net",
            "enabled": true,
            "ftp_publish_basic_authentication_enabled": true,
            "hosting_environment_id": "",
            "https_only": false,
            "id": "/subscriptions/996d1b6a-eec5-418d-b351-9af66fcd25dc/resourceGroups/Anusha-Rg/providers/Microsoft.Web/sites/api-appservice",
            "identity": [],
            "key_vault_reference_identity_id": "SystemAssigned",
            "kind": "app,linux",
            "location": "southindia",
            "logs": [],
            "name": "api-appservice",
            "outbound_ip_address_list": [
              "135.13.22.15",
              "20.41.235.24",
              "74.224.103.154",
              "74.225.11.250",
              "74.224.103.177",
              "52.140.34.188",
              "135.13.21.29",
              "135.13.24.54",
              "135.13.21.216",
              "74.224.103.60",
              "74.225.3.208",
              "20.235.29.141",
              "40.78.194.103",
              "40.78.194.113"
            ],
            "outbound_ip_addresses": "135.13.22.15,20.41.235.24,74.224.103.154,74.225.11.250,74.224.103.177,52.140.34.188,135.13.21.29,135.13.24.54,135.13.21.216,74.224.103.60,74.225.3.208,20.235.29.141,40.78.194.103,40.78.194.113",
            "possible_outbound_ip_address_list": [
              "135.13.22.15",
              "20.41.235.24",
              "74.224.103.154",
              "74.225.11.250",
              "74.224.103.177",
              "52.140.34.188",
              "135.13.21.29",
              "135.13.24.54",
              "135.13.21.216",
              "74.224.103.60",
              "74.225.3.208",
              "20.235.29.141",
              "74.225.32.32",
              "74.225.4.179",
              "74.225.34.29",
              "74.225.0.34",
              "74.225.21.178",
              "74.225.0.185",
              "20.235.183.175",
              "20.235.169.14",
              "20.235.139.64",
              "135.13.17.137",
              "74.225.5.147",
              "135.13.21.243",
              "74.225.15.152",
              "135.13.24.111",
              "52.140.43.47",
              "20.235.30.239",
              "52.140.18.255",
              "52.172.37.233",
              "40.78.194.103",
              "40.78.194.113"
            ],
            "possible_outbound_ip_addresses": "135.13.22.15,20.41.235.24,74.224.103.154,74.225.11.250,74.224.103.177,52.140.34.188,135.13.21.29,135.13.24.54,135.13.21.216,74.224.103.60,74.225.3.208,20.235.29.141,74.225.32.32,74.225.4.179,74.225.34.29,74.225.0.34,74.225.21.178,74.225.0.185,20.235.183.175,20.235.169.14,20.235.139.64,135.13.17.137,74.225.5.147,135.13.21.243,74.225.15.152,135.13.24.111,52.140.43.47,20.235.30.239,52.140.18.255,52.172.37.233,40.78.194.103,40.78.194.113",
            "public_network_access_enabled": true,
            "resource_group_name": "Anusha-Rg",
            "service_plan_id": "/subscriptions/996d1b6a-eec5-418d-b351-9af66fcd25dc/resourceGroups/Anusha-Rg/providers/Microsoft.Web/serverFarms/Anusha-plan",
            "site_config": [
              {
                "always_on": true,
                "api_definition_url": "",
                "api_management_api_id": "",
                "app_command_line": "",
                "application_stack": [
                  {
                    "docker_image_name": "",
                    "docker_registry_password": "",
                    "docker_registry_url": "",
                    "docker_registry_username": "",
                    "dotnet_version": "",
                    "go_version": "",
                    "java_server": "JAVA",
                    "java_server_version": "21",
                    "java_version": "21",
                    "node_version": "",
                    "php_version": "",
                    "python_version": "",
                    "ruby_version": ""
                  }
                ],
                "auto_heal_setting": [],
                "container_registry_managed_identity_client_id": "",
                "container_registry_use_managed_identity": false,
                "cors": [],
                "default_documents": [
                  "Default.htm",
                  "Default.html",
                  "Default.asp",
                  "index.htm",
                  "index.html",
                  "iisstart.htm",
                  "default.aspx",
                  "index.php",
                  "hostingstart.html"
                ],
                "detailed_error_logging_enabled": false,
                "ftps_state": "Disabled",
                "health_check_eviction_time_in_min": 0,
                "health_check_path": "",
                "http2_enabled": false,
                "ip_restriction": [],
                "ip_restriction_default_action": "Allow",
                "linux_fx_version": "JAVA|21-java21",
                "load_balancing_mode": "LeastRequests",
                "local_mysql_enabled": false,
                "managed_pipeline_mode": "Integrated",
                "minimum_tls_cipher_suite": "",
                "minimum_tls_version": "1.2",
                "remote_debugging_enabled": false,
                "remote_debugging_version": "VS2022",
                "scm_ip_restriction": [],
                "scm_ip_restriction_default_action": "Allow",
                "scm_minimum_tls_version": "1.2",
                "scm_type": "None",
                "scm_use_main_ip_restriction": false,
                "use_32_bit_worker": true,
                "vnet_route_all_enabled": false,
                "websockets_enabled": false,
                "worker_count": 1
              }
            ],
            "site_credential": [
              {
                "name": "$api-appservice",
                "password": "xtzpwKPe5r7cjXmWjSHv3ETtyR9LjifSFjTmHSWS5RRyFHj4xADk6rpkSuWW"
              }
            ],
            "sticky_settings": [],
            "storage_account": [],
            "tags": null,
            "timeouts": null,
            "virtual_network_backup_restore_enabled": false,
            "virtual_network_subnet_id": "",
            "vnet_image_pull_enabled": false,
            "webdeploy_publish_basic_authentication_enabled": true,
            "zip_deploy_file": ""
          },
          "sensitive_attributes": [
            [
              {
                "type": "get_attr",
                "value": "custom_domain_verification_id"
              }
            ],
            [
              {
                "type": "get_attr",
                "value": "site_config"
              },
              {
                "type": "index",
                "value": {
                  "value": 0,
                  "type": "number"
                }
              },
              {
                "type": "get_attr",
                "value": "application_stack"
              },
              {
                "type": "index",
                "value": {
                  "value": 0,
                  "type": "number"
                }
              },
              {
                "type": "get_attr",
                "value": "docker_registry_password"
              }
            ],
            [
              {
                "type": "get_attr",
                "value": "site_credential"
              }
            ]
          ],
          "identity_schema_version": 0,
          "private": "eyJlMmJmYjczMC1lY2FhLTExZTYtOGY4OC0zNDM2M2JjN2M0YzAiOnsiY3JlYXRlIjoxODAwMDAwMDAwMDAwLCJkZWxldGUiOjE4MDAwMDAwMDAwMDAsInJlYWQiOjMwMDAwMDAwMDAwMCwidXBkYXRlIjoxODAwMDAwMDAwMDAwfSwic2NoZW1hX3ZlcnNpb24iOiIxIn0=",
          "dependencies": [
            "azurerm_resource_group.main",
            "azurerm_service_plan.main"
          ]
        }
      ]
    },
    {
      "mode": "managed",
      "type": "azurerm_linux_web_app",
      "name": "ui",
      "provider": "provider[\"registry.terraform.io/hashicorp/azurerm\"]",
      "instances": [
        {
          "schema_version": 1,
          "attributes": {
            "app_settings": null,
            "auth_settings": [
              {
                "active_directory": [],
                "additional_login_parameters": {},
                "allowed_external_redirect_urls": [],
                "default_provider": "",
                "enabled": false,
                "facebook": [],
                "github": [],
                "google": [],
                "issuer": "",
                "microsoft": [],
                "runtime_version": "",
                "token_refresh_extension_hours": 0,
                "token_store_enabled": false,
                "twitter": [],
                "unauthenticated_client_action": ""
              }
            ],
            "auth_settings_v2": [],
            "backup": [],
            "client_affinity_enabled": false,
            "client_certificate_enabled": false,
            "client_certificate_exclusion_paths": "",
            "client_certificate_mode": "Required",
            "connection_string": [],
            "custom_domain_verification_id": "87D6D01D1C6A8A713B95FC2C3CD904541630A6155550C7A12DD546D2B800DA59",
            "default_hostname": "ui-appservice.azurewebsites.net",
            "enabled": true,
            "ftp_publish_basic_authentication_enabled": true,
            "hosting_environment_id": "",
            "https_only": false,
            "id": "/subscriptions/996d1b6a-eec5-418d-b351-9af66fcd25dc/resourceGroups/Anusha-Rg/providers/Microsoft.Web/sites/ui-appservice",
            "identity": [],
            "key_vault_reference_identity_id": "SystemAssigned",
            "kind": "app,linux",
            "location": "southindia",
            "logs": [],
            "name": "ui-appservice",
            "outbound_ip_address_list": [
              "135.13.22.15",
              "20.41.235.24",
              "74.224.103.154",
              "74.225.11.250",
              "74.224.103.177",
              "52.140.34.188",
              "135.13.21.29",
              "135.13.24.54",
              "135.13.21.216",
              "74.224.103.60",
              "74.225.3.208",
              "20.235.29.141",
              "40.78.194.103",
              "40.78.194.113"
            ],
            "outbound_ip_addresses": "135.13.22.15,20.41.235.24,74.224.103.154,74.225.11.250,74.224.103.177,52.140.34.188,135.13.21.29,135.13.24.54,135.13.21.216,74.224.103.60,74.225.3.208,20.235.29.141,40.78.194.103,40.78.194.113",
            "possible_outbound_ip_address_list": [
              "135.13.22.15",
              "20.41.235.24",
              "74.224.103.154",
              "74.225.11.250",
              "74.224.103.177",
              "52.140.34.188",
              "135.13.21.29",
              "135.13.24.54",
              "135.13.21.216",
              "74.224.103.60",
              "74.225.3.208",
              "20.235.29.141",
              "74.225.32.32",
              "74.225.4.179",
              "74.225.34.29",
              "74.225.0.34",
              "74.225.21.178",
              "74.225.0.185",
              "20.235.183.175",
              "20.235.169.14",
              "20.235.139.64",
              "135.13.17.137",
              "74.225.5.147",
              "135.13.21.243",
              "74.225.15.152",
              "135.13.24.111",
              "52.140.43.47",
              "20.235.30.239",
              "52.140.18.255",
              "52.172.37.233",
              "40.78.194.103",
              "40.78.194.113"
            ],
            "possible_outbound_ip_addresses": "135.13.22.15,20.41.235.24,74.224.103.154,74.225.11.250,74.224.103.177,52.140.34.188,135.13.21.29,135.13.24.54,135.13.21.216,74.224.103.60,74.225.3.208,20.235.29.141,74.225.32.32,74.225.4.179,74.225.34.29,74.225.0.34,74.225.21.178,74.225.0.185,20.235.183.175,20.235.169.14,20.235.139.64,135.13.17.137,74.225.5.147,135.13.21.243,74.225.15.152,135.13.24.111,52.140.43.47,20.235.30.239,52.140.18.255,52.172.37.233,40.78.194.103,40.78.194.113",
            "public_network_access_enabled": true,
            "resource_group_name": "Anusha-Rg",
            "service_plan_id": "/subscriptions/996d1b6a-eec5-418d-b351-9af66fcd25dc/resourceGroups/Anusha-Rg/providers/Microsoft.Web/serverFarms/Anusha-plan",
            "site_config": [
              {
                "always_on": true,
                "api_definition_url": "",
                "api_management_api_id": "",
                "app_command_line": "",
                "application_stack": [
                  {
                    "docker_image_name": "",
                    "docker_registry_password": "",
                    "docker_registry_url": "",
                    "docker_registry_username": "",
                    "dotnet_version": "",
                    "go_version": "",
                    "java_server": "",
                    "java_server_version": "",
                    "java_version": "",
                    "node_version": "24-lts",
                    "php_version": "",
                    "python_version": "",
                    "ruby_version": ""
                  }
                ],
                "auto_heal_setting": [],
                "container_registry_managed_identity_client_id": "",
                "container_registry_use_managed_identity": false,
                "cors": [],
                "default_documents": [
                  "Default.htm",
                  "Default.html",
                  "Default.asp",
                  "index.htm",
                  "index.html",
                  "iisstart.htm",
                  "default.aspx",
                  "index.php",
                  "hostingstart.html"
                ],
                "detailed_error_logging_enabled": false,
                "ftps_state": "Disabled",
                "health_check_eviction_time_in_min": 0,
                "health_check_path": "",
                "http2_enabled": false,
                "ip_restriction": [],
                "ip_restriction_default_action": "Allow",
                "linux_fx_version": "NODE|24-lts",
                "load_balancing_mode": "LeastRequests",
                "local_mysql_enabled": false,
                "managed_pipeline_mode": "Integrated",
                "minimum_tls_cipher_suite": "",
                "minimum_tls_version": "1.2",
                "remote_debugging_enabled": false,
                "remote_debugging_version": "VS2022",
                "scm_ip_restriction": [],
                "scm_ip_restriction_default_action": "Allow",
                "scm_minimum_tls_version": "1.2",
                "scm_type": "None",
                "scm_use_main_ip_restriction": false,
                "use_32_bit_worker": true,
                "vnet_route_all_enabled": false,
                "websockets_enabled": false,
                "worker_count": 1
              }
            ],
            "site_credential": [
              {
                "name": "$ui-appservice",
                "password": "dqjQLJkNpQQu2GrCHJrAfTs2h1lTsCgrYKJKY8e3t5aFGZtHEWgnxfk2Migy"
              }
            ],
            "sticky_settings": [],
            "storage_account": [],
            "tags": null,
            "timeouts": null,
            "virtual_network_backup_restore_enabled": false,
            "virtual_network_subnet_id": "",
            "vnet_image_pull_enabled": false,
            "webdeploy_publish_basic_authentication_enabled": true,
            "zip_deploy_file": ""
          },
          "sensitive_attributes": [
            [
              {
                "type": "get_attr",
                "value": "custom_domain_verification_id"
              }
            ],
            [
              {
                "type": "get_attr",
                "value": "site_config"
              },
              {
                "type": "index",
                "value": {
                  "value": 0,
                  "type": "number"
                }
              },
              {
                "type": "get_attr",
                "value": "application_stack"
              },
              {
                "type": "index",
                "value": {
                  "value": 0,
                  "type": "number"
                }
              },
              {
                "type": "get_attr",
                "value": "docker_registry_password"
              }
            ],
            [
              {
                "type": "get_attr",
                "value": "site_credential"
              }
            ]
          ],
          "identity_schema_version": 0,
          "private": "eyJlMmJmYjczMC1lY2FhLTExZTYtOGY4OC0zNDM2M2JjN2M0YzAiOnsiY3JlYXRlIjoxODAwMDAwMDAwMDAwLCJkZWxldGUiOjE4MDAwMDAwMDAwMDAsInJlYWQiOjMwMDAwMDAwMDAwMCwidXBkYXRlIjoxODAwMDAwMDAwMDAwfSwic2NoZW1hX3ZlcnNpb24iOiIxIn0=",
          "dependencies": [
            "azurerm_resource_group.main",
            "azurerm_service_plan.main"
          ]
        }
      ]
    },
    {
      "mode": "managed",
      "type": "azurerm_resource_group",
      "name": "main",
      "provider": "provider[\"registry.terraform.io/hashicorp/azurerm\"]",
      "instances": [
        {
          "schema_version": 0,
          "attributes": {
            "id": "/subscriptions/996d1b6a-eec5-418d-b351-9af66fcd25dc/resourceGroups/Anusha-Rg",
            "location": "southindia",
            "managed_by": "",
            "name": "Anusha-Rg",
            "tags": {},
            "timeouts": null
          },
          "sensitive_attributes": [],
          "identity_schema_version": 0,
          "identity": {
            "name": "Anusha-Rg",
            "subscription_id": "996d1b6a-eec5-418d-b351-9af66fcd25dc"
          },
          "private": "eyJlMmJmYjczMC1lY2FhLTExZTYtOGY4OC0zNDM2M2JjN2M0YzAiOnsiY3JlYXRlIjo1NDAwMDAwMDAwMDAwLCJkZWxldGUiOjU0MDAwMDAwMDAwMDAsInJlYWQiOjMwMDAwMDAwMDAwMCwidXBkYXRlIjo1NDAwMDAwMDAwMDAwfX0="
        }
      ]
    },
    {
      "mode": "managed",
      "type": "azurerm_service_plan",
      "name": "main",
      "provider": "provider[\"registry.terraform.io/hashicorp/azurerm\"]",
      "instances": [
        {
          "schema_version": 1,
          "attributes": {
            "app_service_environment_id": "",
            "id": "/subscriptions/996d1b6a-eec5-418d-b351-9af66fcd25dc/resourceGroups/Anusha-Rg/providers/Microsoft.Web/serverFarms/Anusha-plan",
            "kind": "linux",
            "location": "southindia",
            "maximum_elastic_worker_count": 1,
            "name": "Anusha-plan",
            "os_type": "Linux",
            "per_site_scaling_enabled": false,
            "premium_plan_auto_scale_enabled": false,
            "reserved": true,
            "resource_group_name": "Anusha-Rg",
            "sku_name": "B1",
            "tags": {},
            "timeouts": null,
            "worker_count": 1,
            "zone_balancing_enabled": false
          },
          "sensitive_attributes": [],
          "identity_schema_version": 0,
          "identity": {
            "name": "Anusha-plan",
            "resource_group_name": "Anusha-Rg",
            "subscription_id": "996d1b6a-eec5-418d-b351-9af66fcd25dc"
          },
          "private": "eyJlMmJmYjczMC1lY2FhLTExZTYtOGY4OC0zNDM2M2JjN2M0YzAiOnsiY3JlYXRlIjozNjAwMDAwMDAwMDAwLCJkZWxldGUiOjM2MDAwMDAwMDAwMDAsInJlYWQiOjMwMDAwMDAwMDAwMCwidXBkYXRlIjozNjAwMDAwMDAwMDAwfSwic2NoZW1hX3ZlcnNpb24iOiIxIn0=",
          "dependencies": [
            "azurerm_resource_group.main"
          ]
        }
      ]
    }
  ],
  "check_results": null
}
